# THIS IS AN AUTOGENERATED FILE. DO NOT EDIT THIS FILE DIRECTLY.
# yarn lockfile v1


"@typed/curry@^1.0.1":
  version "1.0.1"
  resolved "https://registry.yarnpkg.com/@typed/curry/-/curry-1.0.1.tgz#555d4624b0cbf09e101945326d3bb9ffcaba3655"

"@types/lodash.isequal@^4.5.0":
  version "4.5.0"
  resolved "https://registry.yarnpkg.com/@types/lodash.isequal/-/lodash.isequal-4.5.0.tgz#c5aeb58e6d775f3617cec75e86d257e7430d64b3"
  dependencies:
    "@types/lodash" "*"

"@types/lodash@*":
  version "4.14.52"
  resolved "https://registry.yarnpkg.com/@types/lodash/-/lodash-4.14.52.tgz#de5c7ab14da1289733233c9b0ec6f9e377db90f5"

lodash.isequal@^4.5.0:
  version "4.5.0"
  resolved "https://registry.yarnpkg.com/lodash.isequal/-/lodash.isequal-4.5.0.tgz#415c4478f2bcc30120c22ce10ed3226f7d3e18e0"

object-inspect@^1.2.1:
  version "1.2.1"
  resolved "https://registry.yarnpkg.com/object-inspect/-/object-inspect-1.2.1.tgz#3b62226eb8f6d441751c7d8f22a20ff80ac9dc3f"
